
Microsoft Visual Studio Solution File, Format Version 12.00
# Visual Studio Version 16
VisualStudioVersion = 16.0.30225.117
MinimumVisualStudioVersion = 10.0.40219.1
Project("{9A19103F-16F7-4668-BE54-9A1E7A4F7556}") = "Enigma", "Enigma\Enigma.csproj", "{FE500D3C-F804-45E5-B544-143EEB55D918}"
EndProject
Project("{FAE04EC0-301F-11D3-BF4B-00C04F79EFBC}") = "Enigma.Test", "Enigma.Test\Enigma.Test.csproj", "{65C19691-E6E3-4042-A36E-3F6BD4C8EBA0}"
EndProject
Global
	GlobalSection(SolutionConfigurationPlatforms) = preSolution
		Debug|Any CPU = Debug|Any CPU
		Release|Any CPU = Release|Any CPU
	EndGlobalSection
	GlobalSection(ProjectConfigurationPlatforms) = postSolution
		{FE500D3C-F804-45E5-B544-143EEB55D918}.Debug|Any CPU.ActiveCfg = Debug|Any CPU
		{FE500D3C-F804-45E5-B544-143EEB55D918}.Debug|Any CPU.Build.0 = Debug|Any CPU
		{FE500D3C-F804-45E5-B544-143EEB55D918}.Release|Any CPU.ActiveCfg = Release|Any CPU
		{FE500D3C-F804-45E5-B544-143EEB55D918}.Release|Any CPU.Build.0 = Release|Any CPU
		{65C19691-E6E3-4042-A36E-3F6BD4C8EBA0}.Debug|Any CPU.ActiveCfg = Debug|Any CPU
		{65C19691-E6E3-4042-A36E-3F6BD4C8EBA0}.Debug|Any CPU.Build.0 = Debug|Any CPU
		{65C19691-E6E3-4042-A36E-3F6BD4C8EBA0}.Release|Any CPU.ActiveCfg = Release|Any CPU
		{65C19691-E6E3-4042-A36E-3F6BD4C8EBA0}.Release|Any CPU.Build.0 = Release|Any CPU
	EndGlobalSection
	GlobalSection(SolutionProperties) = preSolution
		HideSolutionNode = FALSE
	EndGlobalSection
	GlobalSection(ExtensibilityGlobals) = postSolution
		SolutionGuid = {34A1C141-1A4E-471D-90C4-701E6C6BD374}
	EndGlobalSection
EndGlobal
